
Microsoft Visual Studio Solution File, Format Version 12.00
# Visual Studio Version 16
VisualStudioVersion = 16.0.31229.75
MinimumVisualStudioVersion = 10.0.40219.1
Project("{FAE04EC0-301F-11D3-BF4B-00C04F79EFBC}") = "miniPrpject-Asp", "miniPrpject-Asp\miniPrpject-Asp.csproj", "{FD17E422-3016-4723-95C6-70DD85500D93}"
EndProject
Global
	GlobalSection(SolutionConfigurationPlatforms) = preSolution
		Debug|Any CPU = Debug|Any CPU
		Release|Any CPU = Release|Any CPU
	EndGlobalSection
	GlobalSection(ProjectConfigurationPlatforms) = postSolution
		{FD17E422-3016-4723-95C6-70DD85500D93}.Debug|Any CPU.ActiveCfg = Debug|Any CPU
		{FD17E422-3016-4723-95C6-70DD85500D93}.Debug|Any CPU.Build.0 = Debug|Any CPU
		{FD17E422-3016-4723-95C6-70DD85500D93}.Release|Any CPU.ActiveCfg = Release|Any CPU
		{FD17E422-3016-4723-95C6-70DD85500D93}.Release|Any CPU.Build.0 = Release|Any CPU
	EndGlobalSection
	GlobalSection(SolutionProperties) = preSolution
		HideSolutionNode = FALSE
	EndGlobalSection
	GlobalSection(ExtensibilityGlobals) = postSolution
		SolutionGuid = {6B6E3E2B-BE88-4629-AB01-0881F0A35258}
	EndGlobalSection
EndGlobal
